{
  "name": "app",
  "lockfileVersion": 2,
  "requires": true,
  "packages": {
    "": {
      "dependencies": {
        "@google/model-viewer": "^1.10.1"
      }
    },
    "node_modules/@google/model-viewer": {
      "version": "1.10.1",
      "resolved": "https://registry.npmjs.org/@google/model-viewer/-/model-viewer-1.10.1.tgz",
      "integrity": "sha512-mQ7FhALWLj1rc4P7NXUNVG4glfgIeKK18X5UlQ0C+InkTsaLvfdTkOz5ixTwDWaw3ba8j6DMyGcN0mzMqc/OyA==",
      "engines": {
        "node": ">=6.0.0"
      }
    }
  },
  "dependencies": {
    "@google/model-viewer": {
      "version": "1.10.1",
      "resolved": "https://registry.npmjs.org/@google/model-viewer/-/model-viewer-1.10.1.tgz",
      "integrity": "sha512-mQ7FhALWLj1rc4P7NXUNVG4glfgIeKK18X5UlQ0C+InkTsaLvfdTkOz5ixTwDWaw3ba8j6DMyGcN0mzMqc/OyA=="
    }
  }
}
