{
  "name": "app",
  "lockfileVersion": 2,
  "requires": true,
  "packages": {
    "": {
      "dependencies": {
        "@google/model-viewer": "^1.10.1",
        "cytoscape-edgehandles": "^4.0.1"
      }
    },
    "node_modules/@google/model-viewer": {
      "version": "1.10.1",
      "resolved": "https://registry.npmjs.org/@google/model-viewer/-/model-viewer-1.10.1.tgz",
      "integrity": "sha512-mQ7FhALWLj1rc4P7NXUNVG4glfgIeKK18X5UlQ0C+InkTsaLvfdTkOz5ixTwDWaw3ba8j6DMyGcN0mzMqc/OyA==",
      "engines": {
        "node": ">=6.0.0"
      }
    },
    "node_modules/cytoscape": {
      "version": "3.20.0",
      "resolved": "https://registry.npmjs.org/cytoscape/-/cytoscape-3.20.0.tgz",
      "integrity": "sha512-V2OUoav8ltY9UPgdjuhQOqkkWT28IbJODioWCjcnLqmjym9lMpnD0ie0vdQCdAiZapjbTGAv8aoKmmSuVcC1gA==",
      "peer": true,
      "dependencies": {
        "heap": "^0.2.6",
        "lodash.debounce": "^4.0.8"
      },
      "engines": {
        "node": ">=0.10"
      }
    },
    "node_modules/cytoscape-edgehandles": {
      "version": "4.0.1",
      "resolved": "https://registry.npmjs.org/cytoscape-edgehandles/-/cytoscape-edgehandles-4.0.1.tgz",
      "integrity": "sha512-uSYshkqRZ4luCxK295bEVTg46q4ZW+fwJhcIzMrtfNR7zeAnJ38Z48kUGeu5ibtXkgLbcZAg0YE4ED2dRuaePg==",
      "dependencies": {
        "lodash.memoize": "^4.1.2",
        "lodash.throttle": "^4.1.1"
      },
      "peerDependencies": {
        "cytoscape": "^3.2.0"
      }
    },
    "node_modules/heap": {
      "version": "0.2.7",
      "resolved": "https://registry.npmjs.org/heap/-/heap-0.2.7.tgz",
      "integrity": "sha512-2bsegYkkHO+h/9MGbn6KWcE45cHZgPANo5LXF7EvWdT0yT2EguSVO1nDgU5c8+ZOPwp2vMNa7YFsJhVcDR9Sdg==",
      "peer": true
    },
    "node_modules/lodash.debounce": {
      "version": "4.0.8",
      "resolved": "https://registry.npmjs.org/lodash.debounce/-/lodash.debounce-4.0.8.tgz",
      "integrity": "sha1-gteb/zCmfEAF/9XiUVMArZyk168=",
      "peer": true
    },
    "node_modules/lodash.memoize": {
      "version": "4.1.2",
      "resolved": "https://registry.npmjs.org/lodash.memoize/-/lodash.memoize-4.1.2.tgz",
      "integrity": "sha1-vMbEmkKihA7Zl/Mj6tpezRguC/4="
    },
    "node_modules/lodash.throttle": {
      "version": "4.1.1",
      "resolved": "https://registry.npmjs.org/lodash.throttle/-/lodash.throttle-4.1.1.tgz",
      "integrity": "sha1-wj6RtxAkKscMN/HhzaknTMOb8vQ="
    }
  },
  "dependencies": {
    "@google/model-viewer": {
      "version": "1.10.1",
      "resolved": "https://registry.npmjs.org/@google/model-viewer/-/model-viewer-1.10.1.tgz",
      "integrity": "sha512-mQ7FhALWLj1rc4P7NXUNVG4glfgIeKK18X5UlQ0C+InkTsaLvfdTkOz5ixTwDWaw3ba8j6DMyGcN0mzMqc/OyA=="
    },
    "cytoscape": {
      "version": "3.20.0",
      "resolved": "https://registry.npmjs.org/cytoscape/-/cytoscape-3.20.0.tgz",
      "integrity": "sha512-V2OUoav8ltY9UPgdjuhQOqkkWT28IbJODioWCjcnLqmjym9lMpnD0ie0vdQCdAiZapjbTGAv8aoKmmSuVcC1gA==",
      "peer": true,
      "requires": {
        "heap": "^0.2.6",
        "lodash.debounce": "^4.0.8"
      }
    },
    "cytoscape-edgehandles": {
      "version": "4.0.1",
      "resolved": "https://registry.npmjs.org/cytoscape-edgehandles/-/cytoscape-edgehandles-4.0.1.tgz",
      "integrity": "sha512-uSYshkqRZ4luCxK295bEVTg46q4ZW+fwJhcIzMrtfNR7zeAnJ38Z48kUGeu5ibtXkgLbcZAg0YE4ED2dRuaePg==",
      "requires": {
        "lodash.memoize": "^4.1.2",
        "lodash.throttle": "^4.1.1"
      }
    },
    "heap": {
      "version": "0.2.7",
      "resolved": "https://registry.npmjs.org/heap/-/heap-0.2.7.tgz",
      "integrity": "sha512-2bsegYkkHO+h/9MGbn6KWcE45cHZgPANo5LXF7EvWdT0yT2EguSVO1nDgU5c8+ZOPwp2vMNa7YFsJhVcDR9Sdg==",
      "peer": true
    },
    "lodash.debounce": {
      "version": "4.0.8",
      "resolved": "https://registry.npmjs.org/lodash.debounce/-/lodash.debounce-4.0.8.tgz",
      "integrity": "sha1-gteb/zCmfEAF/9XiUVMArZyk168=",
      "peer": true
    },
    "lodash.memoize": {
      "version": "4.1.2",
      "resolved": "https://registry.npmjs.org/lodash.memoize/-/lodash.memoize-4.1.2.tgz",
      "integrity": "sha1-vMbEmkKihA7Zl/Mj6tpezRguC/4="
    },
    "lodash.throttle": {
      "version": "4.1.1",
      "resolved": "https://registry.npmjs.org/lodash.throttle/-/lodash.throttle-4.1.1.tgz",
      "integrity": "sha1-wj6RtxAkKscMN/HhzaknTMOb8vQ="
    }
  }
}
